
Microsoft Visual Studio Solution File, Format Version 10.00
# Visual Studio 2008
Project("{8BC9CEB8-8B4A-11D0-8D11-00A0C91BC942}") = "Core", "Core\Core.vcproj", "{47580BD0-EDB3-4D67-900C-084EE9540091}"
	ProjectSection(ProjectDependencies) = postProject
		{6700E9EC-7D77-4B87-8218-8441FF9E0344} = {6700E9EC-7D77-4B87-8218-8441FF9E0344}
	EndProjectSection
EndProject
Project("{8BC9CEB8-8B4A-11D0-8D11-00A0C91BC942}") = "D2API", "D2API\D2API.vcproj", "{6700E9EC-7D77-4B87-8218-8441FF9E0344}"
EndProject
Project("{FAE04EC0-301F-11D3-BF4B-00C04F79EFBC}") = "Loader", "Loader\Loader.csproj", "{A31999A2-F7ED-4618-9854-453C7DFD6E37}"
EndProject
Global
	GlobalSection(SolutionConfigurationPlatforms) = preSolution
		Debug|x86 = Debug|x86
		Packaging|x86 = Packaging|x86
		Release|x86 = Release|x86
	EndGlobalSection
	GlobalSection(ProjectConfigurationPlatforms) = postSolution
		{47580BD0-EDB3-4D67-900C-084EE9540091}.Debug|x86.ActiveCfg = Debug|Win32
		{47580BD0-EDB3-4D67-900C-084EE9540091}.Debug|x86.Build.0 = Debug|Win32
		{47580BD0-EDB3-4D67-900C-084EE9540091}.Packaging|x86.ActiveCfg = Packaging|Win32
		{47580BD0-EDB3-4D67-900C-084EE9540091}.Packaging|x86.Build.0 = Packaging|Win32
		{47580BD0-EDB3-4D67-900C-084EE9540091}.Release|x86.ActiveCfg = Release|Win32
		{47580BD0-EDB3-4D67-900C-084EE9540091}.Release|x86.Build.0 = Release|Win32
		{6700E9EC-7D77-4B87-8218-8441FF9E0344}.Debug|x86.ActiveCfg = Debug|Win32
		{6700E9EC-7D77-4B87-8218-8441FF9E0344}.Debug|x86.Build.0 = Debug|Win32
		{6700E9EC-7D77-4B87-8218-8441FF9E0344}.Packaging|x86.ActiveCfg = Packaging|Win32
		{6700E9EC-7D77-4B87-8218-8441FF9E0344}.Packaging|x86.Build.0 = Packaging|Win32
		{6700E9EC-7D77-4B87-8218-8441FF9E0344}.Release|x86.ActiveCfg = Release|Win32
		{6700E9EC-7D77-4B87-8218-8441FF9E0344}.Release|x86.Build.0 = Release|Win32
		{A31999A2-F7ED-4618-9854-453C7DFD6E37}.Debug|x86.ActiveCfg = Debug|x86
		{A31999A2-F7ED-4618-9854-453C7DFD6E37}.Debug|x86.Build.0 = Debug|x86
		{A31999A2-F7ED-4618-9854-453C7DFD6E37}.Packaging|x86.ActiveCfg = Packaging|x86
		{A31999A2-F7ED-4618-9854-453C7DFD6E37}.Packaging|x86.Build.0 = Packaging|x86
		{A31999A2-F7ED-4618-9854-453C7DFD6E37}.Release|x86.ActiveCfg = Release|x86
		{A31999A2-F7ED-4618-9854-453C7DFD6E37}.Release|x86.Build.0 = Release|x86
	EndGlobalSection
	GlobalSection(SolutionProperties) = preSolution
		HideSolutionNode = FALSE
	EndGlobalSection
EndGlobal
