<?xml version="1.0" encoding="utf-8"?>
<Project ToolsVersion="4.0" xmlns="http://schemas.microsoft.com/developer/msbuild/2003">
  <ItemGroup>
    <ClInclude Include="sqlite3.h">
      <Filter>Dependencies</Filter>
    </ClInclude>
    <ClInclude Include="D2BS.hpp" />
    <ClInclude Include="Settings.hpp" />
  </ItemGroup>
  <ItemGroup>
    <ClCompile Include="DllMain.cpp" />
    <ClCompile Include="sqlite3.c">
      <Filter>Dependencies</Filter>
    </ClCompile>
    <ClCompile Include="Settings.cpp" />
  </ItemGroup>
  <ItemGroup>
    <Filter Include="Dependencies">
      <UniqueIdentifier>{d0685354-79a4-4586-b864-9626426144f1}</UniqueIdentifier>
    </Filter>
  </ItemGroup>
</Project>