<?xml version="1.0" encoding="utf-8"?>
<Project ToolsVersion="4.0" xmlns="http://schemas.microsoft.com/developer/msbuild/2003">
  <ItemGroup>
    <ClCompile Include="ScriptEngine.cpp">
      <Filter>Engine</Filter>
    </ClCompile>
    <ClCompile Include="Script.cpp">
      <Filter>Engine</Filter>
    </ClCompile>
    <ClCompile Include="JSClasses.cpp">
      <Filter>Engine</Filter>
    </ClCompile>
  </ItemGroup>
  <ItemGroup>
    <Filter Include="Engine">
      <UniqueIdentifier>{16d53b00-fd15-454b-841c-ec103d209bd3}</UniqueIdentifier>
    </Filter>
    <Filter Include="JSAPI">
      <UniqueIdentifier>{8495152a-b7d9-4a5e-abe8-eebc13bb17ec}</UniqueIdentifier>
    </Filter>
    <Filter Include="API">
      <UniqueIdentifier>{65e28b67-6440-43cb-bd0e-3fdfa860c1b9}</UniqueIdentifier>
    </Filter>
  </ItemGroup>
  <ItemGroup>
    <ClInclude Include="dependencies\include\Allocator.h">
      <Filter>JSAPI</Filter>
    </ClInclude>
    <ClInclude Include="dependencies\include\Assembler.h">
      <Filter>JSAPI</Filter>
    </ClInclude>
    <ClInclude Include="dependencies\include\avmplus.h">
      <Filter>JSAPI</Filter>
    </ClInclude>
    <ClInclude Include="dependencies\include\CodeAlloc.h">
      <Filter>JSAPI</Filter>
    </ClInclude>
    <ClInclude Include="dependencies\include\Containers.h">
      <Filter>JSAPI</Filter>
    </ClInclude>
    <ClInclude Include="dependencies\include\Fragmento.h">
      <Filter>JSAPI</Filter>
    </ClInclude>
    <ClInclude Include="dependencies\include\jsanalyze.h">
      <Filter>JSAPI</Filter>
    </ClInclude>
    <ClInclude Include="dependencies\include\jsapi.h">
      <Filter>JSAPI</Filter>
    </ClInclude>
    <ClInclude Include="dependencies\include\jsarena.h">
      <Filter>JSAPI</Filter>
    </ClInclude>
    <ClInclude Include="dependencies\include\jsarray.h">
      <Filter>JSAPI</Filter>
    </ClInclude>
    <ClInclude Include="dependencies\include\jsatom.h">
      <Filter>JSAPI</Filter>
    </ClInclude>
    <ClInclude Include="dependencies\include\jsautocfg.h">
      <Filter>JSAPI</Filter>
    </ClInclude>
    <ClInclude Include="dependencies\include\jsautokw.h">
      <Filter>JSAPI</Filter>
    </ClInclude>
    <ClInclude Include="dependencies\include\jsbit.h">
      <Filter>JSAPI</Filter>
    </ClInclude>
    <ClInclude Include="dependencies\include\jsbool.h">
      <Filter>JSAPI</Filter>
    </ClInclude>
    <ClInclude Include="dependencies\include\jsbuiltins.h">
      <Filter>JSAPI</Filter>
    </ClInclude>
    <ClInclude Include="dependencies\include\jscell.h">
      <Filter>JSAPI</Filter>
    </ClInclude>
    <ClInclude Include="dependencies\include\jsclist.h">
      <Filter>JSAPI</Filter>
    </ClInclude>
    <ClInclude Include="dependencies\include\jsclone.h">
      <Filter>JSAPI</Filter>
    </ClInclude>
    <ClInclude Include="dependencies\include\jscntxt.h">
      <Filter>JSAPI</Filter>
    </ClInclude>
    <ClInclude Include="dependencies\include\jscompartment.h">
      <Filter>JSAPI</Filter>
    </ClInclude>
    <ClInclude Include="dependencies\include\jscompat.h">
      <Filter>JSAPI</Filter>
    </ClInclude>
    <ClInclude Include="dependencies\include\js-config.h">
      <Filter>JSAPI</Filter>
    </ClInclude>
    <ClInclude Include="dependencies\include\jscpucfg.h">
      <Filter>JSAPI</Filter>
    </ClInclude>
    <ClInclude Include="dependencies\include\jsdate.h">
      <Filter>JSAPI</Filter>
    </ClInclude>
    <ClInclude Include="dependencies\include\jsdbgapi.h">
      <Filter>JSAPI</Filter>
    </ClInclude>
    <ClInclude Include="dependencies\include\jsdhash.h">
      <Filter>JSAPI</Filter>
    </ClInclude>
    <ClInclude Include="dependencies\include\jsdtoa.h">
      <Filter>JSAPI</Filter>
    </ClInclude>
    <ClInclude Include="dependencies\include\jsemit.h">
      <Filter>JSAPI</Filter>
    </ClInclude>
    <ClInclude Include="dependencies\include\jsfriendapi.h">
      <Filter>JSAPI</Filter>
    </ClInclude>
    <ClInclude Include="dependencies\include\jsfun.h">
      <Filter>JSAPI</Filter>
    </ClInclude>
    <ClInclude Include="dependencies\include\jsgc.h">
      <Filter>JSAPI</Filter>
    </ClInclude>
    <ClInclude Include="dependencies\include\jsgcchunk.h">
      <Filter>JSAPI</Filter>
    </ClInclude>
    <ClInclude Include="dependencies\include\jsgcstats.h">
      <Filter>JSAPI</Filter>
    </ClInclude>
    <ClInclude Include="dependencies\include\jshash.h">
      <Filter>JSAPI</Filter>
    </ClInclude>
    <ClInclude Include="dependencies\include\jshashtable.h">
      <Filter>JSAPI</Filter>
    </ClInclude>
    <ClInclude Include="dependencies\include\jshotloop.h">
      <Filter>JSAPI</Filter>
    </ClInclude>
    <ClInclude Include="dependencies\include\jsinterp.h">
      <Filter>JSAPI</Filter>
    </ClInclude>
    <ClInclude Include="dependencies\include\jsinttypes.h">
      <Filter>JSAPI</Filter>
    </ClInclude>
    <ClInclude Include="dependencies\include\jsiter.h">
      <Filter>JSAPI</Filter>
    </ClInclude>
    <ClInclude Include="dependencies\include\jslock.h">
      <Filter>JSAPI</Filter>
    </ClInclude>
    <ClInclude Include="dependencies\include\jslong.h">
      <Filter>JSAPI</Filter>
    </ClInclude>
    <ClInclude Include="dependencies\include\jsmath.h">
      <Filter>JSAPI</Filter>
    </ClInclude>
    <ClInclude Include="dependencies\include\jsobj.h">
      <Filter>JSAPI</Filter>
    </ClInclude>
    <ClInclude Include="dependencies\include\jsobjinlines.h">
      <Filter>JSAPI</Filter>
    </ClInclude>
    <ClInclude Include="dependencies\include\json.h">
      <Filter>JSAPI</Filter>
    </ClInclude>
    <ClInclude Include="dependencies\include\jsopcode.h">
      <Filter>JSAPI</Filter>
    </ClInclude>
    <ClInclude Include="dependencies\include\jsopcodeinlines.h">
      <Filter>JSAPI</Filter>
    </ClInclude>
    <ClInclude Include="dependencies\include\jsotypes.h">
      <Filter>JSAPI</Filter>
    </ClInclude>
    <ClInclude Include="dependencies\include\jsparse.h">
      <Filter>JSAPI</Filter>
    </ClInclude>
    <ClInclude Include="dependencies\include\jsperf.h">
      <Filter>JSAPI</Filter>
    </ClInclude>
    <ClInclude Include="dependencies\include\jsprf.h">
      <Filter>JSAPI</Filter>
    </ClInclude>
    <ClInclude Include="dependencies\include\jsprobes.h">
      <Filter>JSAPI</Filter>
    </ClInclude>
    <ClInclude Include="dependencies\include\jspropertycache.h">
      <Filter>JSAPI</Filter>
    </ClInclude>
    <ClInclude Include="dependencies\include\jspropertycacheinlines.h">
      <Filter>JSAPI</Filter>
    </ClInclude>
    <ClInclude Include="dependencies\include\jspropertytree.h">
      <Filter>JSAPI</Filter>
    </ClInclude>
    <ClInclude Include="dependencies\include\jsproxy.h">
      <Filter>JSAPI</Filter>
    </ClInclude>
    <ClInclude Include="dependencies\include\jsprvtd.h">
      <Filter>JSAPI</Filter>
    </ClInclude>
    <ClInclude Include="dependencies\include\jspubtd.h">
      <Filter>JSAPI</Filter>
    </ClInclude>
    <ClInclude Include="dependencies\include\jsreflect.h">
      <Filter>JSAPI</Filter>
    </ClInclude>
    <ClInclude Include="dependencies\include\jsregexp.h">
      <Filter>JSAPI</Filter>
    </ClInclude>
    <ClInclude Include="dependencies\include\jsscan.h">
      <Filter>JSAPI</Filter>
    </ClInclude>
    <ClInclude Include="dependencies\include\jsscope.h">
      <Filter>JSAPI</Filter>
    </ClInclude>
    <ClInclude Include="dependencies\include\jsscript.h">
      <Filter>JSAPI</Filter>
    </ClInclude>
    <ClInclude Include="dependencies\include\jsscriptinlines.h">
      <Filter>JSAPI</Filter>
    </ClInclude>
    <ClInclude Include="dependencies\include\jsstaticcheck.h">
      <Filter>JSAPI</Filter>
    </ClInclude>
    <ClInclude Include="dependencies\include\jsstdint.h">
      <Filter>JSAPI</Filter>
    </ClInclude>
    <ClInclude Include="dependencies\include\jsstr.h">
      <Filter>JSAPI</Filter>
    </ClInclude>
    <ClInclude Include="dependencies\include\jstl.h">
      <Filter>JSAPI</Filter>
    </ClInclude>
    <ClInclude Include="dependencies\include\jstracer.h">
      <Filter>JSAPI</Filter>
    </ClInclude>
    <ClInclude Include="dependencies\include\jstypedarray.h">
      <Filter>JSAPI</Filter>
    </ClInclude>
    <ClInclude Include="dependencies\include\jstypes.h">
      <Filter>JSAPI</Filter>
    </ClInclude>
    <ClInclude Include="dependencies\include\jsutil.h">
      <Filter>JSAPI</Filter>
    </ClInclude>
    <ClInclude Include="dependencies\include\jsval.h">
      <Filter>JSAPI</Filter>
    </ClInclude>
    <ClInclude Include="dependencies\include\jsvalue.h">
      <Filter>JSAPI</Filter>
    </ClInclude>
    <ClInclude Include="dependencies\include\jsvector.h">
      <Filter>JSAPI</Filter>
    </ClInclude>
    <ClInclude Include="dependencies\include\jsversion.h">
      <Filter>JSAPI</Filter>
    </ClInclude>
    <ClInclude Include="dependencies\include\jswrapper.h">
      <Filter>JSAPI</Filter>
    </ClInclude>
    <ClInclude Include="dependencies\include\jsxdrapi.h">
      <Filter>JSAPI</Filter>
    </ClInclude>
    <ClInclude Include="dependencies\include\jsxml.h">
      <Filter>JSAPI</Filter>
    </ClInclude>
    <ClInclude Include="dependencies\include\LIR.h">
      <Filter>JSAPI</Filter>
    </ClInclude>
    <ClInclude Include="dependencies\include\nanojit.h">
      <Filter>JSAPI</Filter>
    </ClInclude>
    <ClInclude Include="dependencies\include\Native.h">
      <Filter>JSAPI</Filter>
    </ClInclude>
    <ClInclude Include="dependencies\include\NativeCommon.h">
      <Filter>JSAPI</Filter>
    </ClInclude>
    <ClInclude Include="dependencies\include\Nativei386.h">
      <Filter>JSAPI</Filter>
    </ClInclude>
    <ClInclude Include="dependencies\include\njconfig.h">
      <Filter>JSAPI</Filter>
    </ClInclude>
    <ClInclude Include="dependencies\include\njcpudetect.h">
      <Filter>JSAPI</Filter>
    </ClInclude>
    <ClInclude Include="dependencies\include\prmjtime.h">
      <Filter>JSAPI</Filter>
    </ClInclude>
    <ClInclude Include="dependencies\include\RegAlloc.h">
      <Filter>JSAPI</Filter>
    </ClInclude>
    <ClInclude Include="dependencies\include\VMPI.h">
      <Filter>JSAPI</Filter>
    </ClInclude>
    <ClInclude Include="dependencies\include\Writer.h">
      <Filter>JSAPI</Filter>
    </ClInclude>
    <ClInclude Include="Exports.hpp" />
    <ClInclude Include="Script.hpp">
      <Filter>Engine</Filter>
    </ClInclude>
    <ClInclude Include="ScriptEngine.hpp">
      <Filter>Engine</Filter>
    </ClInclude>
    <ClInclude Include="JSClasses.hpp">
      <Filter>Engine</Filter>
    </ClInclude>
    <ClInclude Include="js32.hpp" />
  </ItemGroup>
  <ItemGroup>
    <None Include="dependencies\include\js.msg">
      <Filter>JSAPI</Filter>
    </None>
    <None Include="dependencies\include\jsopcode.tbl">
      <Filter>JSAPI</Filter>
    </None>
    <None Include="dependencies\include\jsproto.tbl">
      <Filter>JSAPI</Filter>
    </None>
    <None Include="dependencies\include\LIRopcode.tbl">
      <Filter>JSAPI</Filter>
    </None>
  </ItemGroup>
</Project>