
Microsoft Visual Studio Solution File, Format Version 10.00
# Visual Studio 2008
Project("{8BC9CEB8-8B4A-11D0-8D11-00A0C91BC942}") = "d2bs", "d2bs\d2bs.vcproj", "{3B1C55EF-D6F8-48DE-840C-5C837F63067B}"
	ProjectSection(ProjectDependencies) = postProject
		{BE39F092-0890-4F8F-9E9A-6F1C6941ABA1} = {BE39F092-0890-4F8F-9E9A-6F1C6941ABA1}
	EndProjectSection
EndProject
Project("{8BC9CEB8-8B4A-11D0-8D11-00A0C91BC942}") = "spidermonkey", "spidermonkey\spidermonkey.vcproj", "{D237650D-F967-4EEA-A063-4CB3C4BFEB49}"
EndProject
Project("{8BC9CEB8-8B4A-11D0-8D11-00A0C91BC942}") = "jsapi", "jsapi\jsapi.vcproj", "{BE39F092-0890-4F8F-9E9A-6F1C6941ABA1}"
	ProjectSection(ProjectDependencies) = postProject
		{D237650D-F967-4EEA-A063-4CB3C4BFEB49} = {D237650D-F967-4EEA-A063-4CB3C4BFEB49}
		{9B97E353-292A-4707-BE0D-7054582EBBC2} = {9B97E353-292A-4707-BE0D-7054582EBBC2}
	EndProjectSection
EndProject
Project("{8BC9CEB8-8B4A-11D0-8D11-00A0C91BC942}") = "jsconsole", "jsconsole\jsconsole.vcproj", "{89E4A487-31BF-4EEF-8124-2559DF2C8804}"
	ProjectSection(ProjectDependencies) = postProject
		{BE39F092-0890-4F8F-9E9A-6F1C6941ABA1} = {BE39F092-0890-4F8F-9E9A-6F1C6941ABA1}
	EndProjectSection
EndProject
Project("{8BC9CEB8-8B4A-11D0-8D11-00A0C91BC942}") = "v8", "v8\v8.vcproj", "{9B97E353-292A-4707-BE0D-7054582EBBC2}"
EndProject
Global
	GlobalSection(SolutionConfigurationPlatforms) = preSolution
		Debug|Win32 = Debug|Win32
		Release|Win32 = Release|Win32
	EndGlobalSection
	GlobalSection(ProjectConfigurationPlatforms) = postSolution
		{3B1C55EF-D6F8-48DE-840C-5C837F63067B}.Debug|Win32.ActiveCfg = Debug|Win32
		{3B1C55EF-D6F8-48DE-840C-5C837F63067B}.Debug|Win32.Build.0 = Debug|Win32
		{3B1C55EF-D6F8-48DE-840C-5C837F63067B}.Release|Win32.ActiveCfg = Release|Win32
		{3B1C55EF-D6F8-48DE-840C-5C837F63067B}.Release|Win32.Build.0 = Release|Win32
		{D237650D-F967-4EEA-A063-4CB3C4BFEB49}.Debug|Win32.ActiveCfg = Debug|Win32
		{D237650D-F967-4EEA-A063-4CB3C4BFEB49}.Debug|Win32.Build.0 = Debug|Win32
		{D237650D-F967-4EEA-A063-4CB3C4BFEB49}.Release|Win32.ActiveCfg = Release|Win32
		{D237650D-F967-4EEA-A063-4CB3C4BFEB49}.Release|Win32.Build.0 = Release|Win32
		{BE39F092-0890-4F8F-9E9A-6F1C6941ABA1}.Debug|Win32.ActiveCfg = Debug|Win32
		{BE39F092-0890-4F8F-9E9A-6F1C6941ABA1}.Debug|Win32.Build.0 = Debug|Win32
		{BE39F092-0890-4F8F-9E9A-6F1C6941ABA1}.Release|Win32.ActiveCfg = Release|Win32
		{BE39F092-0890-4F8F-9E9A-6F1C6941ABA1}.Release|Win32.Build.0 = Release|Win32
		{89E4A487-31BF-4EEF-8124-2559DF2C8804}.Debug|Win32.ActiveCfg = Debug|Win32
		{89E4A487-31BF-4EEF-8124-2559DF2C8804}.Debug|Win32.Build.0 = Debug|Win32
		{89E4A487-31BF-4EEF-8124-2559DF2C8804}.Release|Win32.ActiveCfg = Release|Win32
		{89E4A487-31BF-4EEF-8124-2559DF2C8804}.Release|Win32.Build.0 = Release|Win32
		{9B97E353-292A-4707-BE0D-7054582EBBC2}.Debug|Win32.ActiveCfg = Debug|Win32
		{9B97E353-292A-4707-BE0D-7054582EBBC2}.Debug|Win32.Build.0 = Debug|Win32
		{9B97E353-292A-4707-BE0D-7054582EBBC2}.Release|Win32.ActiveCfg = Release|Win32
		{9B97E353-292A-4707-BE0D-7054582EBBC2}.Release|Win32.Build.0 = Release|Win32
	EndGlobalSection
	GlobalSection(SolutionProperties) = preSolution
		HideSolutionNode = FALSE
	EndGlobalSection
EndGlobal
