<?xml version="1.0" encoding="utf-8"?>
<Project ToolsVersion="4.0" xmlns="http://schemas.microsoft.com/developer/msbuild/2003">
  <ItemGroup>
    <ClCompile Include="File.cpp" />
    <ClCompile Include="Pipe.cpp" />
    <ClCompile Include="Socket.cpp" />
    <ClCompile Include="Stream.cpp" />
  </ItemGroup>
  <ItemGroup>
    <ClInclude Include="File.hpp" />
    <ClInclude Include="Pipe.hpp" />
    <ClInclude Include="Socket.hpp" />
    <ClInclude Include="Stream.hpp" />
  </ItemGroup>
</Project>